
Microsoft Visual Studio Solution File, Format Version 12.00
# Visual Studio Version 17
VisualStudioVersion = 17.4.33403.182
MinimumVisualStudioVersion = 10.0.40219.1
Project("{FAE04EC0-301F-11D3-BF4B-00C04F79EFBC}") = "HelloWorld_Xamarin.UWP", "HelloWorld_Xamarin\HelloWorld_Xamarin.UWP\HelloWorld_Xamarin.UWP.csproj", "{4B416C64-5DC6-45EB-B646-5656B81B4579}"
EndProject
Project("{FAE04EC0-301F-11D3-BF4B-00C04F79EFBC}") = "HelloWorld_Xamarin.Android", "HelloWorld_Xamarin\HelloWorld_Xamarin.Android\HelloWorld_Xamarin.Android.csproj", "{8AB400D9-65AE-489D-B44F-35DEEF10C1D3}"
EndProject
Project("{FAE04EC0-301F-11D3-BF4B-00C04F79EFBC}") = "HelloWorld_Xamarin.iOS", "HelloWorld_Xamarin\HelloWorld_Xamarin.iOS\HelloWorld_Xamarin.iOS.csproj", "{B7D87674-DBF1-40E6-933C-E3121144E321}"
EndProject
Project("{FAE04EC0-301F-11D3-BF4B-00C04F79EFBC}") = "HelloWorld_Xamarin", "HelloWorld_Xamarin\HelloWorld_Xamarin\HelloWorld_Xamarin.csproj", "{62B37AFF-5E54-4B2A-BE2A-CB000DF738D6}"
EndProject
Global
	GlobalSection(SolutionConfigurationPlatforms) = preSolution
		Debug|Any CPU = Debug|Any CPU
		Debug|ARM = Debug|ARM
		Debug|iPhone = Debug|iPhone
		Debug|iPhoneSimulator = Debug|iPhoneSimulator
		Debug|x64 = Debug|x64
		Debug|x86 = Debug|x86
		Release|Any CPU = Release|Any CPU
		Release|ARM = Release|ARM
		Release|iPhone = Release|iPhone
		Release|iPhoneSimulator = Release|iPhoneSimulator
		Release|x64 = Release|x64
		Release|x86 = Release|x86
	EndGlobalSection
	GlobalSection(ProjectConfigurationPlatforms) = postSolution
		{4B416C64-5DC6-45EB-B646-5656B81B4579}.Debug|Any CPU.ActiveCfg = Debug|x64
		{4B416C64-5DC6-45EB-B646-5656B81B4579}.Debug|Any CPU.Build.0 = Debug|x64
		{4B416C64-5DC6-45EB-B646-5656B81B4579}.Debug|Any CPU.Deploy.0 = Debug|x64
		{4B416C64-5DC6-45EB-B646-5656B81B4579}.Debug|ARM.ActiveCfg = Debug|ARM
		{4B416C64-5DC6-45EB-B646-5656B81B4579}.Debug|ARM.Build.0 = Debug|ARM
		{4B416C64-5DC6-45EB-B646-5656B81B4579}.Debug|ARM.Deploy.0 = Debug|ARM
		{4B416C64-5DC6-45EB-B646-5656B81B4579}.Debug|iPhone.ActiveCfg = Debug|x64
		{4B416C64-5DC6-45EB-B646-5656B81B4579}.Debug|iPhone.Build.0 = Debug|x64
		{4B416C64-5DC6-45EB-B646-5656B81B4579}.Debug|iPhone.Deploy.0 = Debug|x64
		{4B416C64-5DC6-45EB-B646-5656B81B4579}.Debug|iPhoneSimulator.ActiveCfg = Debug|x64
		{4B416C64-5DC6-45EB-B646-5656B81B4579}.Debug|iPhoneSimulator.Build.0 = Debug|x64
		{4B416C64-5DC6-45EB-B646-5656B81B4579}.Debug|iPhoneSimulator.Deploy.0 = Debug|x64
		{4B416C64-5DC6-45EB-B646-5656B81B4579}.Debug|x64.ActiveCfg = Debug|x64
		{4B416C64-5DC6-45EB-B646-5656B81B4579}.Debug|x64.Build.0 = Debug|x64
		{4B416C64-5DC6-45EB-B646-5656B81B4579}.Debug|x64.Deploy.0 = Debug|x64
		{4B416C64-5DC6-45EB-B646-5656B81B4579}.Debug|x86.ActiveCfg = Debug|x86
		{4B416C64-5DC6-45EB-B646-5656B81B4579}.Debug|x86.Build.0 = Debug|x86
		{4B416C64-5DC6-45EB-B646-5656B81B4579}.Debug|x86.Deploy.0 = Debug|x86
		{4B416C64-5DC6-45EB-B646-5656B81B4579}.Release|Any CPU.ActiveCfg = Release|x64
		{4B416C64-5DC6-45EB-B646-5656B81B4579}.Release|Any CPU.Build.0 = Release|x64
		{4B416C64-5DC6-45EB-B646-5656B81B4579}.Release|Any CPU.Deploy.0 = Release|x64
		{4B416C64-5DC6-45EB-B646-5656B81B4579}.Release|ARM.ActiveCfg = Release|ARM
		{4B416C64-5DC6-45EB-B646-5656B81B4579}.Release|ARM.Build.0 = Release|ARM
		{4B416C64-5DC6-45EB-B646-5656B81B4579}.Release|ARM.Deploy.0 = Release|ARM
		{4B416C64-5DC6-45EB-B646-5656B81B4579}.Release|iPhone.ActiveCfg = Release|x64
		{4B416C64-5DC6-45EB-B646-5656B81B4579}.Release|iPhone.Build.0 = Release|x64
		{4B416C64-5DC6-45EB-B646-5656B81B4579}.Release|iPhone.Deploy.0 = Release|x64
		{4B416C64-5DC6-45EB-B646-5656B81B4579}.Release|iPhoneSimulator.ActiveCfg = Release|x64
		{4B416C64-5DC6-45EB-B646-5656B81B4579}.Release|iPhoneSimulator.Build.0 = Release|x64
		{4B416C64-5DC6-45EB-B646-5656B81B4579}.Release|iPhoneSimulator.Deploy.0 = Release|x64
		{4B416C64-5DC6-45EB-B646-5656B81B4579}.Release|x64.ActiveCfg = Release|x64
		{4B416C64-5DC6-45EB-B646-5656B81B4579}.Release|x64.Build.0 = Release|x64
		{4B416C64-5DC6-45EB-B646-5656B81B4579}.Release|x64.Deploy.0 = Release|x64
		{4B416C64-5DC6-45EB-B646-5656B81B4579}.Release|x86.ActiveCfg = Release|x86
		{4B416C64-5DC6-45EB-B646-5656B81B4579}.Release|x86.Build.0 = Release|x86
		{4B416C64-5DC6-45EB-B646-5656B81B4579}.Release|x86.Deploy.0 = Release|x86
		{8AB400D9-65AE-489D-B44F-35DEEF10C1D3}.Debug|Any CPU.ActiveCfg = Debug|Any CPU
		{8AB400D9-65AE-489D-B44F-35DEEF10C1D3}.Debug|Any CPU.Build.0 = Debug|Any CPU
		{8AB400D9-65AE-489D-B44F-35DEEF10C1D3}.Debug|Any CPU.Deploy.0 = Debug|Any CPU
		{8AB400D9-65AE-489D-B44F-35DEEF10C1D3}.Debug|ARM.ActiveCfg = Debug|Any CPU
		{8AB400D9-65AE-489D-B44F-35DEEF10C1D3}.Debug|ARM.Build.0 = Debug|Any CPU
		{8AB400D9-65AE-489D-B44F-35DEEF10C1D3}.Debug|ARM.Deploy.0 = Debug|Any CPU
		{8AB400D9-65AE-489D-B44F-35DEEF10C1D3}.Debug|iPhone.ActiveCfg = Debug|Any CPU
		{8AB400D9-65AE-489D-B44F-35DEEF10C1D3}.Debug|iPhone.Build.0 = Debug|Any CPU
		{8AB400D9-65AE-489D-B44F-35DEEF10C1D3}.Debug|iPhone.Deploy.0 = Debug|Any CPU
		{8AB400D9-65AE-489D-B44F-35DEEF10C1D3}.Debug|iPhoneSimulator.ActiveCfg = Debug|Any CPU
		{8AB400D9-65AE-489D-B44F-35DEEF10C1D3}.Debug|iPhoneSimulator.Build.0 = Debug|Any CPU
		{8AB400D9-65AE-489D-B44F-35DEEF10C1D3}.Debug|iPhoneSimulator.Deploy.0 = Debug|Any CPU
		{8AB400D9-65AE-489D-B44F-35DEEF10C1D3}.Debug|x64.ActiveCfg = Debug|Any CPU
		{8AB400D9-65AE-489D-B44F-35DEEF10C1D3}.Debug|x64.Build.0 = Debug|Any CPU
		{8AB400D9-65AE-489D-B44F-35DEEF10C1D3}.Debug|x64.Deploy.0 = Debug|Any CPU
		{8AB400D9-65AE-489D-B44F-35DEEF10C1D3}.Debug|x86.ActiveCfg = Debug|Any CPU
		{8AB400D9-65AE-489D-B44F-35DEEF10C1D3}.Debug|x86.Build.0 = Debug|Any CPU
		{8AB400D9-65AE-489D-B44F-35DEEF10C1D3}.Debug|x86.Deploy.0 = Debug|Any CPU
		{8AB400D9-65AE-489D-B44F-35DEEF10C1D3}.Release|Any CPU.ActiveCfg = Release|Any CPU
		{8AB400D9-65AE-489D-B44F-35DEEF10C1D3}.Release|Any CPU.Build.0 = Release|Any CPU
		{8AB400D9-65AE-489D-B44F-35DEEF10C1D3}.Release|Any CPU.Deploy.0 = Release|Any CPU
		{8AB400D9-65AE-489D-B44F-35DEEF10C1D3}.Release|ARM.ActiveCfg = Release|Any CPU
		{8AB400D9-65AE-489D-B44F-35DEEF10C1D3}.Release|ARM.Build.0 = Release|Any CPU
		{8AB400D9-65AE-489D-B44F-35DEEF10C1D3}.Release|ARM.Deploy.0 = Release|Any CPU
		{8AB400D9-65AE-489D-B44F-35DEEF10C1D3}.Release|iPhone.ActiveCfg = Release|Any CPU
		{8AB400D9-65AE-489D-B44F-35DEEF10C1D3}.Release|iPhone.Build.0 = Release|Any CPU
		{8AB400D9-65AE-489D-B44F-35DEEF10C1D3}.Release|iPhone.Deploy.0 = Release|Any CPU
		{8AB400D9-65AE-489D-B44F-35DEEF10C1D3}.Release|iPhoneSimulator.ActiveCfg = Release|Any CPU
		{8AB400D9-65AE-489D-B44F-35DEEF10C1D3}.Release|iPhoneSimulator.Build.0 = Release|Any CPU
		{8AB400D9-65AE-489D-B44F-35DEEF10C1D3}.Release|iPhoneSimulator.Deploy.0 = Release|Any CPU
		{8AB400D9-65AE-489D-B44F-35DEEF10C1D3}.Release|x64.ActiveCfg = Release|Any CPU
		{8AB400D9-65AE-489D-B44F-35DEEF10C1D3}.Release|x64.Build.0 = Release|Any CPU
		{8AB400D9-65AE-489D-B44F-35DEEF10C1D3}.Release|x64.Deploy.0 = Release|Any CPU
		{8AB400D9-65AE-489D-B44F-35DEEF10C1D3}.Release|x86.ActiveCfg = Release|Any CPU
		{8AB400D9-65AE-489D-B44F-35DEEF10C1D3}.Release|x86.Build.0 = Release|Any CPU
		{8AB400D9-65AE-489D-B44F-35DEEF10C1D3}.Release|x86.Deploy.0 = Release|Any CPU
		{B7D87674-DBF1-40E6-933C-E3121144E321}.Debug|Any CPU.ActiveCfg = Debug|iPhoneSimulator
		{B7D87674-DBF1-40E6-933C-E3121144E321}.Debug|Any CPU.Build.0 = Debug|iPhoneSimulator
		{B7D87674-DBF1-40E6-933C-E3121144E321}.Debug|Any CPU.Deploy.0 = Debug|iPhoneSimulator
		{B7D87674-DBF1-40E6-933C-E3121144E321}.Debug|ARM.ActiveCfg = Debug|iPhoneSimulator
		{B7D87674-DBF1-40E6-933C-E3121144E321}.Debug|ARM.Build.0 = Debug|iPhoneSimulator
		{B7D87674-DBF1-40E6-933C-E3121144E321}.Debug|ARM.Deploy.0 = Debug|iPhoneSimulator
		{B7D87674-DBF1-40E6-933C-E3121144E321}.Debug|iPhone.ActiveCfg = Debug|iPhone
		{B7D87674-DBF1-40E6-933C-E3121144E321}.Debug|iPhone.Build.0 = Debug|iPhone
		{B7D87674-DBF1-40E6-933C-E3121144E321}.Debug|iPhone.Deploy.0 = Debug|iPhone
		{B7D87674-DBF1-40E6-933C-E3121144E321}.Debug|iPhoneSimulator.ActiveCfg = Debug|iPhoneSimulator
		{B7D87674-DBF1-40E6-933C-E3121144E321}.Debug|iPhoneSimulator.Build.0 = Debug|iPhoneSimulator
		{B7D87674-DBF1-40E6-933C-E3121144E321}.Debug|iPhoneSimulator.Deploy.0 = Debug|iPhoneSimulator
		{B7D87674-DBF1-40E6-933C-E3121144E321}.Debug|x64.ActiveCfg = Debug|iPhone
		{B7D87674-DBF1-40E6-933C-E3121144E321}.Debug|x64.Build.0 = Debug|iPhone
		{B7D87674-DBF1-40E6-933C-E3121144E321}.Debug|x64.Deploy.0 = Debug|iPhone
		{B7D87674-DBF1-40E6-933C-E3121144E321}.Debug|x86.ActiveCfg = Debug|iPhoneSimulator
		{B7D87674-DBF1-40E6-933C-E3121144E321}.Debug|x86.Build.0 = Debug|iPhoneSimulator
		{B7D87674-DBF1-40E6-933C-E3121144E321}.Debug|x86.Deploy.0 = Debug|iPhoneSimulator
		{B7D87674-DBF1-40E6-933C-E3121144E321}.Release|Any CPU.ActiveCfg = Release|iPhoneSimulator
		{B7D87674-DBF1-40E6-933C-E3121144E321}.Release|Any CPU.Build.0 = Release|iPhoneSimulator
		{B7D87674-DBF1-40E6-933C-E3121144E321}.Release|Any CPU.Deploy.0 = Release|iPhoneSimulator
		{B7D87674-DBF1-40E6-933C-E3121144E321}.Release|ARM.ActiveCfg = Release|iPhoneSimulator
		{B7D87674-DBF1-40E6-933C-E3121144E321}.Release|ARM.Build.0 = Release|iPhoneSimulator
		{B7D87674-DBF1-40E6-933C-E3121144E321}.Release|ARM.Deploy.0 = Release|iPhoneSimulator
		{B7D87674-DBF1-40E6-933C-E3121144E321}.Release|iPhone.ActiveCfg = Release|iPhone
		{B7D87674-DBF1-40E6-933C-E3121144E321}.Release|iPhone.Build.0 = Release|iPhone
		{B7D87674-DBF1-40E6-933C-E3121144E321}.Release|iPhone.Deploy.0 = Release|iPhone
		{B7D87674-DBF1-40E6-933C-E3121144E321}.Release|iPhoneSimulator.ActiveCfg = Release|iPhoneSimulator
		{B7D87674-DBF1-40E6-933C-E3121144E321}.Release|iPhoneSimulator.Build.0 = Release|iPhoneSimulator
		{B7D87674-DBF1-40E6-933C-E3121144E321}.Release|iPhoneSimulator.Deploy.0 = Release|iPhoneSimulator
		{B7D87674-DBF1-40E6-933C-E3121144E321}.Release|x64.ActiveCfg = Release|iPhoneSimulator
		{B7D87674-DBF1-40E6-933C-E3121144E321}.Release|x64.Build.0 = Release|iPhoneSimulator
		{B7D87674-DBF1-40E6-933C-E3121144E321}.Release|x64.Deploy.0 = Release|iPhoneSimulator
		{B7D87674-DBF1-40E6-933C-E3121144E321}.Release|x86.ActiveCfg = Release|iPhoneSimulator
		{B7D87674-DBF1-40E6-933C-E3121144E321}.Release|x86.Build.0 = Release|iPhoneSimulator
		{B7D87674-DBF1-40E6-933C-E3121144E321}.Release|x86.Deploy.0 = Release|iPhoneSimulator
		{62B37AFF-5E54-4B2A-BE2A-CB000DF738D6}.Debug|Any CPU.ActiveCfg = Debug|Any CPU
		{62B37AFF-5E54-4B2A-BE2A-CB000DF738D6}.Debug|Any CPU.Build.0 = Debug|Any CPU
		{62B37AFF-5E54-4B2A-BE2A-CB000DF738D6}.Debug|Any CPU.Deploy.0 = Debug|Any CPU
		{62B37AFF-5E54-4B2A-BE2A-CB000DF738D6}.Debug|ARM.ActiveCfg = Debug|Any CPU
		{62B37AFF-5E54-4B2A-BE2A-CB000DF738D6}.Debug|ARM.Build.0 = Debug|Any CPU
		{62B37AFF-5E54-4B2A-BE2A-CB000DF738D6}.Debug|ARM.Deploy.0 = Debug|Any CPU
		{62B37AFF-5E54-4B2A-BE2A-CB000DF738D6}.Debug|iPhone.ActiveCfg = Debug|Any CPU
		{62B37AFF-5E54-4B2A-BE2A-CB000DF738D6}.Debug|iPhone.Build.0 = Debug|Any CPU
		{62B37AFF-5E54-4B2A-BE2A-CB000DF738D6}.Debug|iPhone.Deploy.0 = Debug|Any CPU
		{62B37AFF-5E54-4B2A-BE2A-CB000DF738D6}.Debug|iPhoneSimulator.ActiveCfg = Debug|Any CPU
		{62B37AFF-5E54-4B2A-BE2A-CB000DF738D6}.Debug|iPhoneSimulator.Build.0 = Debug|Any CPU
		{62B37AFF-5E54-4B2A-BE2A-CB000DF738D6}.Debug|iPhoneSimulator.Deploy.0 = Debug|Any CPU
		{62B37AFF-5E54-4B2A-BE2A-CB000DF738D6}.Debug|x64.ActiveCfg = Debug|Any CPU
		{62B37AFF-5E54-4B2A-BE2A-CB000DF738D6}.Debug|x64.Build.0 = Debug|Any CPU
		{62B37AFF-5E54-4B2A-BE2A-CB000DF738D6}.Debug|x64.Deploy.0 = Debug|Any CPU
		{62B37AFF-5E54-4B2A-BE2A-CB000DF738D6}.Debug|x86.ActiveCfg = Debug|Any CPU
		{62B37AFF-5E54-4B2A-BE2A-CB000DF738D6}.Debug|x86.Build.0 = Debug|Any CPU
		{62B37AFF-5E54-4B2A-BE2A-CB000DF738D6}.Debug|x86.Deploy.0 = Debug|Any CPU
		{62B37AFF-5E54-4B2A-BE2A-CB000DF738D6}.Release|Any CPU.ActiveCfg = Release|Any CPU
		{62B37AFF-5E54-4B2A-BE2A-CB000DF738D6}.Release|Any CPU.Build.0 = Release|Any CPU
		{62B37AFF-5E54-4B2A-BE2A-CB000DF738D6}.Release|Any CPU.Deploy.0 = Release|Any CPU
		{62B37AFF-5E54-4B2A-BE2A-CB000DF738D6}.Release|ARM.ActiveCfg = Release|Any CPU
		{62B37AFF-5E54-4B2A-BE2A-CB000DF738D6}.Release|ARM.Build.0 = Release|Any CPU
		{62B37AFF-5E54-4B2A-BE2A-CB000DF738D6}.Release|ARM.Deploy.0 = Release|Any CPU
		{62B37AFF-5E54-4B2A-BE2A-CB000DF738D6}.Release|iPhone.ActiveCfg = Release|Any CPU
		{62B37AFF-5E54-4B2A-BE2A-CB000DF738D6}.Release|iPhone.Build.0 = Release|Any CPU
		{62B37AFF-5E54-4B2A-BE2A-CB000DF738D6}.Release|iPhone.Deploy.0 = Release|Any CPU
		{62B37AFF-5E54-4B2A-BE2A-CB000DF738D6}.Release|iPhoneSimulator.ActiveCfg = Release|Any CPU
		{62B37AFF-5E54-4B2A-BE2A-CB000DF738D6}.Release|iPhoneSimulator.Build.0 = Release|Any CPU
		{62B37AFF-5E54-4B2A-BE2A-CB000DF738D6}.Release|iPhoneSimulator.Deploy.0 = Release|Any CPU
		{62B37AFF-5E54-4B2A-BE2A-CB000DF738D6}.Release|x64.ActiveCfg = Release|Any CPU
		{62B37AFF-5E54-4B2A-BE2A-CB000DF738D6}.Release|x64.Build.0 = Release|Any CPU
		{62B37AFF-5E54-4B2A-BE2A-CB000DF738D6}.Release|x64.Deploy.0 = Release|Any CPU
		{62B37AFF-5E54-4B2A-BE2A-CB000DF738D6}.Release|x86.ActiveCfg = Release|Any CPU
		{62B37AFF-5E54-4B2A-BE2A-CB000DF738D6}.Release|x86.Build.0 = Release|Any CPU
		{62B37AFF-5E54-4B2A-BE2A-CB000DF738D6}.Release|x86.Deploy.0 = Release|Any CPU
	EndGlobalSection
	GlobalSection(SolutionProperties) = preSolution
		HideSolutionNode = FALSE
	EndGlobalSection
	GlobalSection(ExtensibilityGlobals) = postSolution
		SolutionGuid = {FB52A8D8-A9D2-4D73-8184-11A791B22D5A}
	EndGlobalSection
EndGlobal
